
Microsoft Visual Studio Solution File, Format Version 12.00
# Visual Studio Version 17
VisualStudioVersion = 17.8.34309.116
MinimumVisualStudioVersion = 10.0.40219.1
Project("{9A19103F-16F7-4668-BE54-9A1E7A4F7556}") = "CompanyEmployees", "CompanyEmployees\CompanyEmployees.csproj", "{4BB59367-DF51-4317-836F-34236C1B6246}"
EndProject
Project("{FAE04EC0-301F-11D3-BF4B-00C04F79EFBC}") = "Contracts", "Contracts\Contracts.csproj", "{0595A101-ECC7-4F9B-AE24-F5C47763FBD9}"
EndProject
Project("{FAE04EC0-301F-11D3-BF4B-00C04F79EFBC}") = "LoggerService", "LoggerService\LoggerService.csproj", "{E73786AE-1D53-4C01-AB96-7A94CC902CFD}"
EndProject
Project("{FAE04EC0-301F-11D3-BF4B-00C04F79EFBC}") = "Entities", "Entities\Entities.csproj", "{50E7AF07-E662-4800-8A9C-544EBFC97F96}"
EndProject
Project("{FAE04EC0-301F-11D3-BF4B-00C04F79EFBC}") = "Repository", "Repository\Repository.csproj", "{AE395602-E3B5-42AA-8268-E7408382B458}"
EndProject
Global
	GlobalSection(SolutionConfigurationPlatforms) = preSolution
		Debug|Any CPU = Debug|Any CPU
		Release|Any CPU = Release|Any CPU
	EndGlobalSection
	GlobalSection(ProjectConfigurationPlatforms) = postSolution
		{4BB59367-DF51-4317-836F-34236C1B6246}.Debug|Any CPU.ActiveCfg = Debug|Any CPU
		{4BB59367-DF51-4317-836F-34236C1B6246}.Debug|Any CPU.Build.0 = Debug|Any CPU
		{4BB59367-DF51-4317-836F-34236C1B6246}.Release|Any CPU.ActiveCfg = Release|Any CPU
		{4BB59367-DF51-4317-836F-34236C1B6246}.Release|Any CPU.Build.0 = Release|Any CPU
		{0595A101-ECC7-4F9B-AE24-F5C47763FBD9}.Debug|Any CPU.ActiveCfg = Debug|Any CPU
		{0595A101-ECC7-4F9B-AE24-F5C47763FBD9}.Debug|Any CPU.Build.0 = Debug|Any CPU
		{0595A101-ECC7-4F9B-AE24-F5C47763FBD9}.Release|Any CPU.ActiveCfg = Release|Any CPU
		{0595A101-ECC7-4F9B-AE24-F5C47763FBD9}.Release|Any CPU.Build.0 = Release|Any CPU
		{E73786AE-1D53-4C01-AB96-7A94CC902CFD}.Debug|Any CPU.ActiveCfg = Debug|Any CPU
		{E73786AE-1D53-4C01-AB96-7A94CC902CFD}.Debug|Any CPU.Build.0 = Debug|Any CPU
		{E73786AE-1D53-4C01-AB96-7A94CC902CFD}.Release|Any CPU.ActiveCfg = Release|Any CPU
		{E73786AE-1D53-4C01-AB96-7A94CC902CFD}.Release|Any CPU.Build.0 = Release|Any CPU
		{50E7AF07-E662-4800-8A9C-544EBFC97F96}.Debug|Any CPU.ActiveCfg = Debug|Any CPU
		{50E7AF07-E662-4800-8A9C-544EBFC97F96}.Debug|Any CPU.Build.0 = Debug|Any CPU
		{50E7AF07-E662-4800-8A9C-544EBFC97F96}.Release|Any CPU.ActiveCfg = Release|Any CPU
		{50E7AF07-E662-4800-8A9C-544EBFC97F96}.Release|Any CPU.Build.0 = Release|Any CPU
		{AE395602-E3B5-42AA-8268-E7408382B458}.Debug|Any CPU.ActiveCfg = Debug|Any CPU
		{AE395602-E3B5-42AA-8268-E7408382B458}.Debug|Any CPU.Build.0 = Debug|Any CPU
		{AE395602-E3B5-42AA-8268-E7408382B458}.Release|Any CPU.ActiveCfg = Release|Any CPU
		{AE395602-E3B5-42AA-8268-E7408382B458}.Release|Any CPU.Build.0 = Release|Any CPU
	EndGlobalSection
	GlobalSection(SolutionProperties) = preSolution
		HideSolutionNode = FALSE
	EndGlobalSection
	GlobalSection(ExtensibilityGlobals) = postSolution
		SolutionGuid = {B3BF8C60-C875-4DA4-830B-24D01BDF3F1C}
	EndGlobalSection
EndGlobal
